
Microsoft Visual Studio Solution File, Format Version 12.00
# Visual Studio 15
VisualStudioVersion = 15.0.28307.271
MinimumVisualStudioVersion = 10.0.40219.1
Project("{8BC9CEB8-8B4A-11D0-8D11-00A0C91BC942}") = "Mambi", "Mambi\Mambi.vcxproj", "{3FF54F3A-11EE-40DA-8F06-43C095B83CBA}"
	ProjectSection(ProjectDependencies) = postProject
		{42E3A2A0-F4EB-4B1E-A99B-D69C76FD4109} = {42E3A2A0-F4EB-4B1E-A99B-D69C76FD4109}
	EndProjectSection
EndProject
Project("{54435603-DBB4-11D2-8724-00A0C9A8B90C}") = "Installer", "Installer\Installer.vdproj", "{6BAE8AAE-1CCC-4184-83EB-1CC9A630062D}"
EndProject
Project("{8BC9CEB8-8B4A-11D0-8D11-00A0C91BC942}") = "Ambilight", "Ambilight\Ambilight.vcxproj", "{42E3A2A0-F4EB-4B1E-A99B-D69C76FD4109}"
EndProject
Project("{8BC9CEB8-8B4A-11D0-8D11-00A0C91BC942}") = "AmbilightTest", "AmbilightTest\AmbilightTest.vcxproj", "{E7BD87C9-0C35-4FB3-8F4A-9C5E717CDEBD}"
	ProjectSection(ProjectDependencies) = postProject
		{42E3A2A0-F4EB-4B1E-A99B-D69C76FD4109} = {42E3A2A0-F4EB-4B1E-A99B-D69C76FD4109}
	EndProjectSection
EndProject
Global
	GlobalSection(SolutionConfigurationPlatforms) = preSolution
		Debug|x64 = Debug|x64
		Debug|x86 = Debug|x86
		Release|x64 = Release|x64
		Release|x86 = Release|x86
	EndGlobalSection
	GlobalSection(ProjectConfigurationPlatforms) = postSolution
		{3FF54F3A-11EE-40DA-8F06-43C095B83CBA}.Debug|x64.ActiveCfg = Debug|x64
		{3FF54F3A-11EE-40DA-8F06-43C095B83CBA}.Debug|x64.Build.0 = Debug|x64
		{3FF54F3A-11EE-40DA-8F06-43C095B83CBA}.Debug|x86.ActiveCfg = Debug|Win32
		{3FF54F3A-11EE-40DA-8F06-43C095B83CBA}.Debug|x86.Build.0 = Debug|Win32
		{3FF54F3A-11EE-40DA-8F06-43C095B83CBA}.Release|x64.ActiveCfg = Release|x64
		{3FF54F3A-11EE-40DA-8F06-43C095B83CBA}.Release|x64.Build.0 = Release|x64
		{3FF54F3A-11EE-40DA-8F06-43C095B83CBA}.Release|x86.ActiveCfg = Release|Win32
		{3FF54F3A-11EE-40DA-8F06-43C095B83CBA}.Release|x86.Build.0 = Release|Win32
		{6BAE8AAE-1CCC-4184-83EB-1CC9A630062D}.Debug|x64.ActiveCfg = Debug
		{6BAE8AAE-1CCC-4184-83EB-1CC9A630062D}.Debug|x64.Build.0 = Debug
		{6BAE8AAE-1CCC-4184-83EB-1CC9A630062D}.Debug|x86.ActiveCfg = Debug
		{6BAE8AAE-1CCC-4184-83EB-1CC9A630062D}.Release|x64.ActiveCfg = Release
		{6BAE8AAE-1CCC-4184-83EB-1CC9A630062D}.Release|x64.Build.0 = Release
		{6BAE8AAE-1CCC-4184-83EB-1CC9A630062D}.Release|x86.ActiveCfg = Release
		{42E3A2A0-F4EB-4B1E-A99B-D69C76FD4109}.Debug|x64.ActiveCfg = Debug|x64
		{42E3A2A0-F4EB-4B1E-A99B-D69C76FD4109}.Debug|x64.Build.0 = Debug|x64
		{42E3A2A0-F4EB-4B1E-A99B-D69C76FD4109}.Debug|x86.ActiveCfg = Debug|Win32
		{42E3A2A0-F4EB-4B1E-A99B-D69C76FD4109}.Debug|x86.Build.0 = Debug|Win32
		{42E3A2A0-F4EB-4B1E-A99B-D69C76FD4109}.Release|x64.ActiveCfg = Release|x64
		{42E3A2A0-F4EB-4B1E-A99B-D69C76FD4109}.Release|x64.Build.0 = Release|x64
		{42E3A2A0-F4EB-4B1E-A99B-D69C76FD4109}.Release|x86.ActiveCfg = Release|Win32
		{42E3A2A0-F4EB-4B1E-A99B-D69C76FD4109}.Release|x86.Build.0 = Release|Win32
		{E7BD87C9-0C35-4FB3-8F4A-9C5E717CDEBD}.Debug|x64.ActiveCfg = Debug|x64
		{E7BD87C9-0C35-4FB3-8F4A-9C5E717CDEBD}.Debug|x64.Build.0 = Debug|x64
		{E7BD87C9-0C35-4FB3-8F4A-9C5E717CDEBD}.Debug|x86.ActiveCfg = Debug|Win32
		{E7BD87C9-0C35-4FB3-8F4A-9C5E717CDEBD}.Debug|x86.Build.0 = Debug|Win32
		{E7BD87C9-0C35-4FB3-8F4A-9C5E717CDEBD}.Release|x64.ActiveCfg = Release|x64
		{E7BD87C9-0C35-4FB3-8F4A-9C5E717CDEBD}.Release|x64.Build.0 = Release|x64
		{E7BD87C9-0C35-4FB3-8F4A-9C5E717CDEBD}.Release|x86.ActiveCfg = Release|Win32
		{E7BD87C9-0C35-4FB3-8F4A-9C5E717CDEBD}.Release|x86.Build.0 = Release|Win32
	EndGlobalSection
	GlobalSection(SolutionProperties) = preSolution
		HideSolutionNode = FALSE
	EndGlobalSection
	GlobalSection(ExtensibilityGlobals) = postSolution
		SolutionGuid = {FD4ED1E9-25A3-4C92-A0CF-12C8C2F5F0FA}
	EndGlobalSection
EndGlobal
